// !$*UTF8*$!
{
	archiveVersion = 1;
	classes = {
	};
	objectVersion = 46;
	objects = {

/* Begin PBXBuildFile section */
		586C092C1D36B5740096952E /* InterestSelectorVC.swift in Sources */ = {isa = PBXBuildFile; fileRef = 586C092B1D36B5740096952E /* InterestSelectorVC.swift */; };
		586C092F1D36E0AC0096952E /* Main.storyboard in Resources */ = {isa = PBXBuildFile; fileRef = 586C092D1D36E0AC0096952E /* Main.storyboard */; };
		58C3F84A1D341A0100C98EF8 /* AppDelegate.swift in Sources */ = {isa = PBXBuildFile; fileRef = 58C3F8491D341A0100C98EF8 /* AppDelegate.swift */; };
		58C3F8511D341A0100C98EF8 /* Assets.xcassets in Resources */ = {isa = PBXBuildFile; fileRef = 58C3F8501D341A0100C98EF8 /* Assets.xcassets */; };
		58C3F8541D341A0100C98EF8 /* LaunchScreen.storyboard in Resources */ = {isa = PBXBuildFile; fileRef = 58C3F8521D341A0100C98EF8 /* LaunchScreen.storyboard */; };
		58C3F85C1D34360A00C98EF8 /* LoginVC.swift in Sources */ = {isa = PBXBuildFile; fileRef = 58C3F85B1D34360A00C98EF8 /* LoginVC.swift */; };
		58C3F85F1D343BBE00C98EF8 /* Material.framework in Frameworks */ = {isa = PBXBuildFile; fileRef = 58C3F85E1D343BBE00C98EF8 /* Material.framework */; };
		58C3F8641D34530600C98EF8 /* SignUpVC.swift in Sources */ = {isa = PBXBuildFile; fileRef = 58C3F8631D34530600C98EF8 /* SignUpVC.swift */; };
		58C3F8681D34574600C98EF8 /* MapVC.swift in Sources */ = {isa = PBXBuildFile; fileRef = 58C3F8671D34574600C98EF8 /* MapVC.swift */; };
		58C3F86A1D35585F00C98EF8 /* User.swift in Sources */ = {isa = PBXBuildFile; fileRef = 58C3F8691D35585F00C98EF8 /* User.swift */; };
		58C3F8711D358BC100C98EF8 /* GoogleService-Info.plist in Resources */ = {isa = PBXBuildFile; fileRef = 58C3F8701D358BC100C98EF8 /* GoogleService-Info.plist */; };
		BEF97C7C07A572211FC05143 /* Pods_OutSource.framework in Frameworks */ = {isa = PBXBuildFile; fileRef = FC4404D418877CAFC800B529 /* Pods_OutSource.framework */; };
/* End PBXBuildFile section */

/* Begin PBXFileReference section */
		586C092B1D36B5740096952E /* InterestSelectorVC.swift */ = {isa = PBXFileReference; fileEncoding = 4; lastKnownFileType = sourcecode.swift; path = InterestSelectorVC.swift; sourceTree = "<group>"; };
		586C092E1D36E0AC0096952E /* Base */ = {isa = PBXFileReference; lastKnownFileType = file.storyboard; name = Base; path = Base.lproj/Main.storyboard; sourceTree = "<group>"; };
		58C3F8461D341A0100C98EF8 /* OutSource.app */ = {isa = PBXFileReference; explicitFileType = wrapper.application; includeInIndex = 0; path = OutSource.app; sourceTree = BUILT_PRODUCTS_DIR; };
		58C3F8491D341A0100C98EF8 /* AppDelegate.swift */ = {isa = PBXFileReference; lastKnownFileType = sourcecode.swift; path = AppDelegate.swift; sourceTree = "<group>"; };
		58C3F8501D341A0100C98EF8 /* Assets.xcassets */ = {isa = PBXFileReference; lastKnownFileType = folder.assetcatalog; path = Assets.xcassets; sourceTree = "<group>"; };
		58C3F8531D341A0100C98EF8 /* Base */ = {isa = PBXFileReference; lastKnownFileType = file.storyboard; name = Base; path = Base.lproj/LaunchScreen.storyboard; sourceTree = "<group>"; };
		58C3F8551D341A0100C98EF8 /* Info.plist */ = {isa = PBXFileReference; lastKnownFileType = text.plist.xml; path = Info.plist; sourceTree = "<group>"; };
		58C3F85B1D34360A00C98EF8 /* LoginVC.swift */ = {isa = PBXFileReference; fileEncoding = 4; lastKnownFileType = sourcecode.swift; name = LoginVC.swift; path = ../LoginVC.swift; sourceTree = "<group>"; };
		58C3F85E1D343BBE00C98EF8 /* Material.framework */ = {isa = PBXFileReference; lastKnownFileType = wrapper.framework; name = Material.framework; path = "../../Library/Developer/Xcode/DerivedData/OutSource-fntraoianimabrchcxesdzkpvmpm/Build/Products/Debug-iphonesimulator/Material/Material.framework"; sourceTree = "<group>"; };
		58C3F8631D34530600C98EF8 /* SignUpVC.swift */ = {isa = PBXFileReference; fileEncoding = 4; lastKnownFileType = sourcecode.swift; path = SignUpVC.swift; sourceTree = "<group>"; };
		58C3F8671D34574600C98EF8 /* MapVC.swift */ = {isa = PBXFileReference; fileEncoding = 4; lastKnownFileType = sourcecode.swift; path = MapVC.swift; sourceTree = "<group>"; };
		58C3F8691D35585F00C98EF8 /* User.swift */ = {isa = PBXFileReference; fileEncoding = 4; lastKnownFileType = sourcecode.swift; path = User.swift; sourceTree = "<group>"; };
		58C3F8701D358BC100C98EF8 /* GoogleService-Info.plist */ = {isa = PBXFileReference; fileEncoding = 4; lastKnownFileType = text.plist.xml; name = "GoogleService-Info.plist"; path = "../../../Downloads/GoogleService-Info.plist"; sourceTree = "<group>"; };
		BE49FC0520316C2CDEFB937C /* Pods-OutSource.release.xcconfig */ = {isa = PBXFileReference; includeInIndex = 1; lastKnownFileType = text.xcconfig; name = "Pods-OutSource.release.xcconfig"; path = "Pods/Target Support Files/Pods-OutSource/Pods-OutSource.release.xcconfig"; sourceTree = "<group>"; };
		CF349FAEDD62CD0022043EDD /* Pods-OutSource.debug.xcconfig */ = {isa = PBXFileReference; includeInIndex = 1; lastKnownFileType = text.xcconfig; name = "Pods-OutSource.debug.xcconfig"; path = "Pods/Target Support Files/Pods-OutSource/Pods-OutSource.debug.xcconfig"; sourceTree = "<group>"; };
		FC4404D418877CAFC800B529 /* Pods_OutSource.framework */ = {isa = PBXFileReference; explicitFileType = wrapper.framework; includeInIndex = 0; path = Pods_OutSource.framework; sourceTree = BUILT_PRODUCTS_DIR; };
/* End PBXFileReference section */

/* Begin PBXFrameworksBuildPhase section */
		58C3F8431D341A0100C98EF8 /* Frameworks */ = {
			isa = PBXFrameworksBuildPhase;
			buildActionMask = 2147483647;
			files = (
				58C3F85F1D343BBE00C98EF8 /* Material.framework in Frameworks */,
				BEF97C7C07A572211FC05143 /* Pods_OutSource.framework in Frameworks */,
			);
			runOnlyForDeploymentPostprocessing = 0;
		};
/* End PBXFrameworksBuildPhase section */

/* Begin PBXGroup section */
		0C49FC47ABA3804A55275802 /* Frameworks */ = {
			isa = PBXGroup;
			children = (
				58C3F85E1D343BBE00C98EF8 /* Material.framework */,
				FC4404D418877CAFC800B529 /* Pods_OutSource.framework */,
			);
			name = Frameworks;
			sourceTree = "<group>";
		};
		58C3F83D1D341A0100C98EF8 = {
			isa = PBXGroup;
			children = (
				58C3F8481D341A0100C98EF8 /* OutSource */,
				58C3F8471D341A0100C98EF8 /* Products */,
				672F2832C2DB48B99B21121B /* Pods */,
				0C49FC47ABA3804A55275802 /* Frameworks */,
			);
			sourceTree = "<group>";
		};
		58C3F8471D341A0100C98EF8 /* Products */ = {
			isa = PBXGroup;
			children = (
				58C3F8461D341A0100C98EF8 /* OutSource.app */,
			);
			name = Products;
			sourceTree = "<group>";
		};
		58C3F8481D341A0100C98EF8 /* OutSource */ = {
			isa = PBXGroup;
			children = (
				58C3F86B1D355E2000C98EF8 /* Helpers */,
				58C3F8601D3452C200C98EF8 /* Models */,
				58C3F8611D3452C200C98EF8 /* ViewControllers */,
				58C3F8621D3452C200C98EF8 /* Views */,
				58C3F8491D341A0100C98EF8 /* AppDelegate.swift */,
				58C3F8501D341A0100C98EF8 /* Assets.xcassets */,
				586C092D1D36E0AC0096952E /* Main.storyboard */,
				58C3F8521D341A0100C98EF8 /* LaunchScreen.storyboard */,
				58C3F8701D358BC100C98EF8 /* GoogleService-Info.plist */,
				58C3F8551D341A0100C98EF8 /* Info.plist */,
			);
			path = OutSource;
			sourceTree = "<group>";
		};
		58C3F8601D3452C200C98EF8 /* Models */ = {
			isa = PBXGroup;
			children = (
				58C3F8691D35585F00C98EF8 /* User.swift */,
			);
			path = Models;
			sourceTree = "<group>";
		};
		58C3F8611D3452C200C98EF8 /* ViewControllers */ = {
			isa = PBXGroup;
			children = (
				58C3F85B1D34360A00C98EF8 /* LoginVC.swift */,
				58C3F8631D34530600C98EF8 /* SignUpVC.swift */,
				58C3F8671D34574600C98EF8 /* MapVC.swift */,
				586C092B1D36B5740096952E /* InterestSelectorVC.swift */,
			);
			path = ViewControllers;
			sourceTree = "<group>";
		};
		58C3F8621D3452C200C98EF8 /* Views */ = {
			isa = PBXGroup;
			children = (
			);
			path = Views;
			sourceTree = "<group>";
		};
		58C3F86B1D355E2000C98EF8 /* Helpers */ = {
			isa = PBXGroup;
			children = (
			);
			path = Helpers;
			sourceTree = "<group>";
		};
		672F2832C2DB48B99B21121B /* Pods */ = {
			isa = PBXGroup;
			children = (
				CF349FAEDD62CD0022043EDD /* Pods-OutSource.debug.xcconfig */,
				BE49FC0520316C2CDEFB937C /* Pods-OutSource.release.xcconfig */,
			);
			name = Pods;
			sourceTree = "<group>";
		};
/* End PBXGroup section */

/* Begin PBXNativeTarget section */
		58C3F8451D341A0100C98EF8 /* OutSource */ = {
			isa = PBXNativeTarget;
			buildConfigurationList = 58C3F8581D341A0100C98EF8 /* Build configuration list for PBXNativeTarget "OutSource" */;
			buildPhases = (
				0641046EDDB6C5DE996C5643 /* [CP] Check Pods Manifest.lock */,
				58C3F8421D341A0100C98EF8 /* Sources */,
				58C3F8431D341A0100C98EF8 /* Frameworks */,
				58C3F8441D341A0100C98EF8 /* Resources */,
				1EBC12E4CA01B711E1A941C6 /* [CP] Embed Pods Frameworks */,
				379711984ECB93A73ED6938D /* [CP] Copy Pods Resources */,
			);
			buildRules = (
			);
			dependencies = (
			);
			name = OutSource;
			productName = OutSource;
			productReference = 58C3F8461D341A0100C98EF8 /* OutSource.app */;
			productType = "com.apple.product-type.application";
		};
/* End PBXNativeTarget section */

/* Begin PBXProject section */
		58C3F83E1D341A0100C98EF8 /* Project object */ = {
			isa = PBXProject;
			attributes = {
				LastSwiftUpdateCheck = 0730;
				LastUpgradeCheck = 0730;
				ORGANIZATIONNAME = Admin;
				TargetAttributes = {
					58C3F8451D341A0100C98EF8 = {
						CreatedOnToolsVersion = 7.3.1;
						DevelopmentTeam = YEKNLFEALT;
					};
				};
			};
			buildConfigurationList = 58C3F8411D341A0100C98EF8 /* Build configuration list for PBXProject "OutSource" */;
			compatibilityVersion = "Xcode 3.2";
			developmentRegion = English;
			hasScannedForEncodings = 0;
			knownRegions = (
				en,
				Base,
			);
			mainGroup = 58C3F83D1D341A0100C98EF8;
			productRefGroup = 58C3F8471D341A0100C98EF8 /* Products */;
			projectDirPath = "";
			projectRoot = "";
			targets = (
				58C3F8451D341A0100C98EF8 /* OutSource */,
			);
		};
/* End PBXProject section */

/* Begin PBXResourcesBuildPhase section */
		58C3F8441D341A0100C98EF8 /* Resources */ = {
			isa = PBXResourcesBuildPhase;
			buildActionMask = 2147483647;
			files = (
				58C3F8541D341A0100C98EF8 /* LaunchScreen.storyboard in Resources */,
				58C3F8711D358BC100C98EF8 /* GoogleService-Info.plist in Resources */,
				58C3F8511D341A0100C98EF8 /* Assets.xcassets in Resources */,
				586C092F1D36E0AC0096952E /* Main.storyboard in Resources */,
			);
			runOnlyForDeploymentPostprocessing = 0;
		};
/* End PBXResourcesBuildPhase section */

/* Begin PBXShellScriptBuildPhase section */
		0641046EDDB6C5DE996C5643 /* [CP] Check Pods Manifest.lock */ = {
			isa = PBXShellScriptBuildPhase;
			buildActionMask = 2147483647;
			files = (
			);
			inputPaths = (
			);
			name = "[CP] Check Pods Manifest.lock";
			outputPaths = (
			);
			runOnlyForDeploymentPostprocessing = 0;
			shellPath = /bin/sh;
			shellScript = "diff \"${PODS_ROOT}/../Podfile.lock\" \"${PODS_ROOT}/Manifest.lock\" > /dev/null\nif [[ $? != 0 ]] ; then\n    cat << EOM\nerror: The sandbox is not in sync with the Podfile.lock. Run 'pod install' or update your CocoaPods installation.\nEOM\n    exit 1\nfi\n";
			showEnvVarsInLog = 0;
		};
		1EBC12E4CA01B711E1A941C6 /* [CP] Embed Pods Frameworks */ = {
			isa = PBXShellScriptBuildPhase;
			buildActionMask = 2147483647;
			files = (
			);
			inputPaths = (
			);
			name = "[CP] Embed Pods Frameworks";
			outputPaths = (
			);
			runOnlyForDeploymentPostprocessing = 0;
			shellPath = /bin/sh;
			shellScript = "\"${SRCROOT}/Pods/Target Support Files/Pods-OutSource/Pods-OutSource-frameworks.sh\"\n";
			showEnvVarsInLog = 0;
		};
		379711984ECB93A73ED6938D /* [CP] Copy Pods Resources */ = {
			isa = PBXShellScriptBuildPhase;
			buildActionMask = 2147483647;
			files = (
			);
			inputPaths = (
			);
			name = "[CP] Copy Pods Resources";
			outputPaths = (
			);
			runOnlyForDeploymentPostprocessing = 0;
			shellPath = /bin/sh;
			shellScript = "\"${SRCROOT}/Pods/Target Support Files/Pods-OutSource/Pods-OutSource-resources.sh\"\n";
			showEnvVarsInLog = 0;
		};
/* End PBXShellScriptBuildPhase section */

/* Begin PBXSourcesBuildPhase section */
		58C3F8421D341A0100C98EF8 /* Sources */ = {
			isa = PBXSourcesBuildPhase;
			buildActionMask = 2147483647;
			files = (
				58C3F85C1D34360A00C98EF8 /* LoginVC.swift in Sources */,
				58C3F8681D34574600C98EF8 /* MapVC.swift in Sources */,
				58C3F8641D34530600C98EF8 /* SignUpVC.swift in Sources */,
				58C3F86A1D35585F00C98EF8 /* User.swift in Sources */,
				586C092C1D36B5740096952E /* InterestSelectorVC.swift in Sources */,
				58C3F84A1D341A0100C98EF8 /* AppDelegate.swift in Sources */,
			);
			runOnlyForDeploymentPostprocessing = 0;
		};
/* End PBXSourcesBuildPhase section */

/* Begin PBXVariantGroup section */
		586C092D1D36E0AC0096952E /* Main.storyboard */ = {
			isa = PBXVariantGroup;
			children = (
				586C092E1D36E0AC0096952E /* Base */,
			);
			name = Main.storyboard;
			sourceTree = "<group>";
		};
		58C3F8521D341A0100C98EF8 /* LaunchScreen.storyboard */ = {
			isa = PBXVariantGroup;
			children = (
				58C3F8531D341A0100C98EF8 /* Base */,
			);
			name = LaunchScreen.storyboard;
			sourceTree = "<group>";
		};
/* End PBXVariantGroup section */

/* Begin XCBuildConfiguration section */
		58C3F8561D341A0100C98EF8 /* Debug */ = {
			isa = XCBuildConfiguration;
			buildSettings = {
				ALWAYS_SEARCH_USER_PATHS = NO;
				CLANG_ANALYZER_NONNULL = YES;
				CLANG_CXX_LANGUAGE_STANDARD = "gnu++0x";
				CLANG_CXX_LIBRARY = "libc++";
				CLANG_ENABLE_MODULES = YES;
				CLANG_ENABLE_OBJC_ARC = YES;
				CLANG_WARN_BOOL_CONVERSION = YES;
				CLANG_WARN_CONSTANT_CONVERSION = YES;
				CLANG_WARN_DIRECT_OBJC_ISA_USAGE = YES_ERROR;
				CLANG_WARN_EMPTY_BODY = YES;
				CLANG_WARN_ENUM_CONVERSION = YES;
				CLANG_WARN_INT_CONVERSION = YES;
				CLANG_WARN_OBJC_ROOT_CLASS = YES_ERROR;
				CLANG_WARN_UNREACHABLE_CODE = YES;
				CLANG_WARN__DUPLICATE_METHOD_MATCH = YES;
				"CODE_SIGN_IDENTITY[sdk=iphoneos*]" = "iPhone Developer";
				COPY_PHASE_STRIP = NO;
				DEBUG_INFORMATION_FORMAT = dwarf;
				ENABLE_STRICT_OBJC_MSGSEND = YES;
				ENABLE_TESTABILITY = YES;
				GCC_C_LANGUAGE_STANDARD = gnu99;
				GCC_DYNAMIC_NO_PIC = NO;
				GCC_NO_COMMON_BLOCKS = YES;
				GCC_OPTIMIZATION_LEVEL = 0;
				GCC_PREPROCESSOR_DEFINITIONS = (
					"DEBUG=1",
					"$(inherited)",
				);
				GCC_WARN_64_TO_32_BIT_CONVERSION = YES;
				GCC_WARN_ABOUT_RETURN_TYPE = YES_ERROR;
				GCC_WARN_UNDECLARED_SELECTOR = YES;
				GCC_WARN_UNINITIALIZED_AUTOS = YES_AGGRESSIVE;
				GCC_WARN_UNUSED_FUNCTION = YES;
				GCC_WARN_UNUSED_VARIABLE = YES;
				IPHONEOS_DEPLOYMENT_TARGET = 9.3;
				MTL_ENABLE_DEBUG_INFO = YES;
				ONLY_ACTIVE_ARCH = YES;
				SDKROOT = iphoneos;
				SWIFT_OPTIMIZATION_LEVEL = "-Onone";
				TARGETED_DEVICE_FAMILY = "1,2";
			};
			name = Debug;
		};
		58C3F8571D341A0100C98EF8 /* Release */ = {
			isa = XCBuildConfiguration;
			buildSettings = {
				ALWAYS_SEARCH_USER_PATHS = NO;
				CLANG_ANALYZER_NONNULL = YES;
				CLANG_CXX_LANGUAGE_STANDARD = "gnu++0x";
				CLANG_CXX_LIBRARY = "libc++";
				CLANG_ENABLE_MODULES = YES;
				CLANG_ENABLE_OBJC_ARC = YES;
				CLANG_WARN_BOOL_CONVERSION = YES;
				CLANG_WARN_CONSTANT_CONVERSION = YES;
				CLANG_WARN_DIRECT_OBJC_ISA_USAGE = YES_ERROR;
				CLANG_WARN_EMPTY_BODY = YES;
				CLANG_WARN_ENUM_CONVERSION = YES;
				CLANG_WARN_INT_CONVERSION = YES;
				CLANG_WARN_OBJC_ROOT_CLASS = YES_ERROR;
				CLANG_WARN_UNREACHABLE_CODE = YES;
				CLANG_WARN__DUPLICATE_METHOD_MATCH = YES;
				"CODE_SIGN_IDENTITY[sdk=iphoneos*]" = "iPhone Developer";
				COPY_PHASE_STRIP = NO;
				DEBUG_INFORMATION_FORMAT = "dwarf-with-dsym";
				ENABLE_NS_ASSERTIONS = NO;
				ENABLE_STRICT_OBJC_MSGSEND = YES;
				GCC_C_LANGUAGE_STANDARD = gnu99;
				GCC_NO_COMMON_BLOCKS = YES;
				GCC_WARN_64_TO_32_BIT_CONVERSION = YES;
				GCC_WARN_ABOUT_RETURN_TYPE = YES_ERROR;
				GCC_WARN_UNDECLARED_SELECTOR = YES;
				GCC_WARN_UNINITIALIZED_AUTOS = YES_AGGRESSIVE;
				GCC_WARN_UNUSED_FUNCTION = YES;
				GCC_WARN_UNUSED_VARIABLE = YES;
				IPHONEOS_DEPLOYMENT_TARGET = 9.3;
				MTL_ENABLE_DEBUG_INFO = NO;
				SDKROOT = iphoneos;
				TARGETED_DEVICE_FAMILY = "1,2";
				VALIDATE_PRODUCT = YES;
			};
			name = Release;
		};
		58C3F8591D341A0100C98EF8 /* Debug */ = {
			isa = XCBuildConfiguration;
			baseConfigurationReference = CF349FAEDD62CD0022043EDD /* Pods-OutSource.debug.xcconfig */;
			buildSettings = {
				ASSETCATALOG_COMPILER_APPICON_NAME = AppIcon;
				CODE_SIGN_IDENTITY = "iPhone Developer";
				"CODE_SIGN_IDENTITY[sdk=iphoneos*]" = "iPhone Developer";
				INFOPLIST_FILE = OutSource/Info.plist;
				LD_RUNPATH_SEARCH_PATHS = "$(inherited) @executable_path/Frameworks";
				PRODUCT_BUNDLE_IDENTIFIER = com.admin.OutSource;
				PRODUCT_NAME = "$(TARGET_NAME)";
				PROVISIONING_PROFILE = "";
			};
			name = Debug;
		};
		58C3F85A1D341A0100C98EF8 /* Release */ = {
			isa = XCBuildConfiguration;
			baseConfigurationReference = BE49FC0520316C2CDEFB937C /* Pods-OutSource.release.xcconfig */;
			buildSettings = {
				ASSETCATALOG_COMPILER_APPICON_NAME = AppIcon;
				CODE_SIGN_IDENTITY = "iPhone Developer";
				"CODE_SIGN_IDENTITY[sdk=iphoneos*]" = "iPhone Developer";
				INFOPLIST_FILE = OutSource/Info.plist;
				LD_RUNPATH_SEARCH_PATHS = "$(inherited) @executable_path/Frameworks";
				PRODUCT_BUNDLE_IDENTIFIER = com.admin.OutSource;
				PRODUCT_NAME = "$(TARGET_NAME)";
				PROVISIONING_PROFILE = "";
			};
			name = Release;
		};
/* End XCBuildConfiguration section */

/* Begin XCConfigurationList section */
		58C3F8411D341A0100C98EF8 /* Build configuration list for PBXProject "OutSource" */ = {
			isa = XCConfigurationList;
			buildConfigurations = (
				58C3F8561D341A0100C98EF8 /* Debug */,
				58C3F8571D341A0100C98EF8 /* Release */,
			);
			defaultConfigurationIsVisible = 0;
			defaultConfigurationName = Release;
		};
		58C3F8581D341A0100C98EF8 /* Build configuration list for PBXNativeTarget "OutSource" */ = {
			isa = XCConfigurationList;
			buildConfigurations = (
				58C3F8591D341A0100C98EF8 /* Debug */,
				58C3F85A1D341A0100C98EF8 /* Release */,
			);
			defaultConfigurationIsVisible = 0;
			defaultConfigurationName = Release;
		};
/* End XCConfigurationList section */
	};
	rootObject = 58C3F83E1D341A0100C98EF8 /* Project object */;
}
